
Microsoft Visual Studio Solution File, Format Version 12.00
# Visual Studio Version 17
VisualStudioVersion = 17.9.34607.119
MinimumVisualStudioVersion = 10.0.40219.1
Project("{9A19103F-16F7-4668-BE54-9A1E7A4F7556}") = "ServerManagement", "ServerManagement.csproj", "{8272669E-5512-4450-B9E4-0F5E0A5E868F}"
EndProject
Global
	GlobalSection(SolutionConfigurationPlatforms) = preSolution
		Debug|Any CPU = Debug|Any CPU
		Release|Any CPU = Release|Any CPU
	EndGlobalSection
	GlobalSection(ProjectConfigurationPlatforms) = postSolution
		{8272669E-5512-4450-B9E4-0F5E0A5E868F}.Debug|Any CPU.ActiveCfg = Debug|Any CPU
		{8272669E-5512-4450-B9E4-0F5E0A5E868F}.Debug|Any CPU.Build.0 = Debug|Any CPU
		{8272669E-5512-4450-B9E4-0F5E0A5E868F}.Release|Any CPU.ActiveCfg = Release|Any CPU
		{8272669E-5512-4450-B9E4-0F5E0A5E868F}.Release|Any CPU.Build.0 = Release|Any CPU
	EndGlobalSection
	GlobalSection(SolutionProperties) = preSolution
		HideSolutionNode = FALSE
	EndGlobalSection
	GlobalSection(ExtensibilityGlobals) = postSolution
		SolutionGuid = {F6C1605A-647A-41FD-8CDF-D345790D4556}
	EndGlobalSection
EndGlobal
